
Microsoft Visual Studio Solution File, Format Version 12.00
# Visual Studio Version 16
VisualStudioVersion = 16.0.28803.202
MinimumVisualStudioVersion = 10.0.40219.1
Project("{9A19103F-16F7-4668-BE54-9A1E7A4F7556}") = "QuickSort", "QuickSort\QuickSort.csproj", "{8C3DBB19-0E4D-473D-B2F9-013FDC11951E}"
EndProject
Project("{FAE04EC0-301F-11D3-BF4B-00C04F79EFBC}") = "FastSort", "FastSort\FastSort.csproj", "{9C6E611B-56D3-451E-98D8-16C2D4154B6B}"
EndProject
Project("{FAE04EC0-301F-11D3-BF4B-00C04F79EFBC}") = "FastSearch", "FastSearch\FastSearch.csproj", "{E7AB86F2-21B1-422C-9970-D297679E65F9}"
EndProject
Global
	GlobalSection(SolutionConfigurationPlatforms) = preSolution
		Debug|Any CPU = Debug|Any CPU
		Release|Any CPU = Release|Any CPU
	EndGlobalSection
	GlobalSection(ProjectConfigurationPlatforms) = postSolution
		{8C3DBB19-0E4D-473D-B2F9-013FDC11951E}.Debug|Any CPU.ActiveCfg = Debug|Any CPU
		{8C3DBB19-0E4D-473D-B2F9-013FDC11951E}.Debug|Any CPU.Build.0 = Debug|Any CPU
		{8C3DBB19-0E4D-473D-B2F9-013FDC11951E}.Release|Any CPU.ActiveCfg = Release|Any CPU
		{8C3DBB19-0E4D-473D-B2F9-013FDC11951E}.Release|Any CPU.Build.0 = Release|Any CPU
		{9C6E611B-56D3-451E-98D8-16C2D4154B6B}.Debug|Any CPU.ActiveCfg = Debug|Any CPU
		{9C6E611B-56D3-451E-98D8-16C2D4154B6B}.Debug|Any CPU.Build.0 = Debug|Any CPU
		{9C6E611B-56D3-451E-98D8-16C2D4154B6B}.Release|Any CPU.ActiveCfg = Release|Any CPU
		{9C6E611B-56D3-451E-98D8-16C2D4154B6B}.Release|Any CPU.Build.0 = Release|Any CPU
		{E7AB86F2-21B1-422C-9970-D297679E65F9}.Debug|Any CPU.ActiveCfg = Debug|Any CPU
		{E7AB86F2-21B1-422C-9970-D297679E65F9}.Debug|Any CPU.Build.0 = Debug|Any CPU
		{E7AB86F2-21B1-422C-9970-D297679E65F9}.Release|Any CPU.ActiveCfg = Release|Any CPU
		{E7AB86F2-21B1-422C-9970-D297679E65F9}.Release|Any CPU.Build.0 = Release|Any CPU
	EndGlobalSection
	GlobalSection(SolutionProperties) = preSolution
		HideSolutionNode = FALSE
	EndGlobalSection
	GlobalSection(ExtensibilityGlobals) = postSolution
		SolutionGuid = {E07C0029-9AB5-4E9D-B57B-4B240C6A3588}
	EndGlobalSection
EndGlobal
